
Microsoft Visual Studio Solution File, Format Version 12.00
# Visual Studio Version 16
VisualStudioVersion = 16.0.30907.101
MinimumVisualStudioVersion = 10.0.40219.1
Project("{FAE04EC0-301F-11D3-BF4B-00C04F79EFBC}") = "TDDCursusLibrary", "TDDCursusLibrary\TDDCursusLibrary.csproj", "{22985D46-B2B1-4CCA-8379-12DD29B44078}"
EndProject
Project("{FAE04EC0-301F-11D3-BF4B-00C04F79EFBC}") = "TDDCursusLibraryTest", "TDDLibraryTest\TDDCursusLibraryTest.csproj", "{C7E0D7CE-5F2D-452D-B8C2-30FA4DF4E3D3}"
EndProject
Project("{FAE04EC0-301F-11D3-BF4B-00C04F79EFBC}") = "TDDTakenLibrary", "TDDTakenLibrary\TDDTakenLibrary.csproj", "{59090075-8BC6-4E84-AA8A-FC1E00B9D600}"
EndProject
Project("{FAE04EC0-301F-11D3-BF4B-00C04F79EFBC}") = "TDDTakenLibraryTest", "TDDTakenLibraryTest\TDDTakenLibraryTest.csproj", "{B88C3E8D-3D27-4F42-BEFC-8F4F1DFEA258}"
EndProject
Global
	GlobalSection(SolutionConfigurationPlatforms) = preSolution
		Debug|Any CPU = Debug|Any CPU
		Release|Any CPU = Release|Any CPU
	EndGlobalSection
	GlobalSection(ProjectConfigurationPlatforms) = postSolution
		{22985D46-B2B1-4CCA-8379-12DD29B44078}.Debug|Any CPU.ActiveCfg = Debug|Any CPU
		{22985D46-B2B1-4CCA-8379-12DD29B44078}.Debug|Any CPU.Build.0 = Debug|Any CPU
		{22985D46-B2B1-4CCA-8379-12DD29B44078}.Release|Any CPU.ActiveCfg = Release|Any CPU
		{22985D46-B2B1-4CCA-8379-12DD29B44078}.Release|Any CPU.Build.0 = Release|Any CPU
		{C7E0D7CE-5F2D-452D-B8C2-30FA4DF4E3D3}.Debug|Any CPU.ActiveCfg = Debug|Any CPU
		{C7E0D7CE-5F2D-452D-B8C2-30FA4DF4E3D3}.Debug|Any CPU.Build.0 = Debug|Any CPU
		{C7E0D7CE-5F2D-452D-B8C2-30FA4DF4E3D3}.Release|Any CPU.ActiveCfg = Release|Any CPU
		{C7E0D7CE-5F2D-452D-B8C2-30FA4DF4E3D3}.Release|Any CPU.Build.0 = Release|Any CPU
		{59090075-8BC6-4E84-AA8A-FC1E00B9D600}.Debug|Any CPU.ActiveCfg = Debug|Any CPU
		{59090075-8BC6-4E84-AA8A-FC1E00B9D600}.Debug|Any CPU.Build.0 = Debug|Any CPU
		{59090075-8BC6-4E84-AA8A-FC1E00B9D600}.Release|Any CPU.ActiveCfg = Release|Any CPU
		{59090075-8BC6-4E84-AA8A-FC1E00B9D600}.Release|Any CPU.Build.0 = Release|Any CPU
		{B88C3E8D-3D27-4F42-BEFC-8F4F1DFEA258}.Debug|Any CPU.ActiveCfg = Debug|Any CPU
		{B88C3E8D-3D27-4F42-BEFC-8F4F1DFEA258}.Debug|Any CPU.Build.0 = Debug|Any CPU
		{B88C3E8D-3D27-4F42-BEFC-8F4F1DFEA258}.Release|Any CPU.ActiveCfg = Release|Any CPU
		{B88C3E8D-3D27-4F42-BEFC-8F4F1DFEA258}.Release|Any CPU.Build.0 = Release|Any CPU
	EndGlobalSection
	GlobalSection(SolutionProperties) = preSolution
		HideSolutionNode = FALSE
	EndGlobalSection
	GlobalSection(ExtensibilityGlobals) = postSolution
		SolutionGuid = {3F01F8E4-8D3A-4565-9980-FEC29233127F}
	EndGlobalSection
EndGlobal
